
Microsoft Visual Studio Solution File, Format Version 12.00
# Visual Studio Version 17
VisualStudioVersion = 17.13.35828.75
MinimumVisualStudioVersion = 10.0.40219.1
Project("{FAE04EC0-301F-11D3-BF4B-00C04F79EFBC}") = "Odev2App", "Odev2App\Odev2App.csproj", "{AFA5166F-EE47-4EE0-8DAC-224151BFA265}"
EndProject
Project("{FAE04EC0-301F-11D3-BF4B-00C04F79EFBC}") = "GorselProgramlamaOdev23", "GorselProgramlamaOdev2\GorselProgramlamaOdev23.csproj", "{68AA609C-8262-4C27-A488-D160EC4D364D}"
EndProject
Project("{FAE04EC0-301F-11D3-BF4B-00C04F79EFBC}") = "GorselProgramlamaOdev2", "GorselProgramlamaOdev2\GorselProgramlamaOdev2.csproj", "{6F5CD28B-3526-4CE4-AFF7-471EDC3A2221}"
EndProject
Global
	GlobalSection(SolutionConfigurationPlatforms) = preSolution
		Debug|Any CPU = Debug|Any CPU
		Release|Any CPU = Release|Any CPU
	EndGlobalSection
	GlobalSection(ProjectConfigurationPlatforms) = postSolution
		{AFA5166F-EE47-4EE0-8DAC-224151BFA265}.Debug|Any CPU.ActiveCfg = Debug|Any CPU
		{AFA5166F-EE47-4EE0-8DAC-224151BFA265}.Debug|Any CPU.Build.0 = Debug|Any CPU
		{AFA5166F-EE47-4EE0-8DAC-224151BFA265}.Debug|Any CPU.Deploy.0 = Debug|Any CPU
		{AFA5166F-EE47-4EE0-8DAC-224151BFA265}.Release|Any CPU.ActiveCfg = Release|Any CPU
		{AFA5166F-EE47-4EE0-8DAC-224151BFA265}.Release|Any CPU.Build.0 = Release|Any CPU
		{68AA609C-8262-4C27-A488-D160EC4D364D}.Debug|Any CPU.ActiveCfg = Debug|Any CPU
		{68AA609C-8262-4C27-A488-D160EC4D364D}.Debug|Any CPU.Build.0 = Debug|Any CPU
		{68AA609C-8262-4C27-A488-D160EC4D364D}.Debug|Any CPU.Deploy.0 = Debug|Any CPU
		{68AA609C-8262-4C27-A488-D160EC4D364D}.Release|Any CPU.ActiveCfg = Release|Any CPU
		{68AA609C-8262-4C27-A488-D160EC4D364D}.Release|Any CPU.Build.0 = Release|Any CPU
		{6F5CD28B-3526-4CE4-AFF7-471EDC3A2221}.Debug|Any CPU.ActiveCfg = Debug|Any CPU
		{6F5CD28B-3526-4CE4-AFF7-471EDC3A2221}.Debug|Any CPU.Build.0 = Debug|Any CPU
		{6F5CD28B-3526-4CE4-AFF7-471EDC3A2221}.Release|Any CPU.ActiveCfg = Release|Any CPU
		{6F5CD28B-3526-4CE4-AFF7-471EDC3A2221}.Release|Any CPU.Build.0 = Release|Any CPU
	EndGlobalSection
	GlobalSection(SolutionProperties) = preSolution
		HideSolutionNode = FALSE
	EndGlobalSection
	GlobalSection(ExtensibilityGlobals) = postSolution
		SolutionGuid = {A46D2D2F-DADD-4973-96A6-0BED57731E5B}
	EndGlobalSection
EndGlobal
